
Microsoft Visual Studio Solution File, Format Version 12.00
# Visual Studio Version 16
VisualStudioVersion = 16.0.29806.167
MinimumVisualStudioVersion = 10.0.40219.1
Project("{8BC9CEB8-8B4A-11D0-8D11-00A0C91BC942}") = "Space_Invaders", "game\game.vcxproj", "{E597AB12-279A-4CFF-949F-86A1C43DE3B3}"
EndProject
Project("{8BC9CEB8-8B4A-11D0-8D11-00A0C91BC942}") = "listDemo", "listDemo\listDemo.vcxproj", "{9D011F69-0097-4AE9-A6A9-1B22981C7B8C}"
EndProject
Global
	GlobalSection(SolutionConfigurationPlatforms) = preSolution
		Debug|x64 = Debug|x64
		Debug|x86 = Debug|x86
		Release|x64 = Release|x64
		Release|x86 = Release|x86
	EndGlobalSection
	GlobalSection(ProjectConfigurationPlatforms) = postSolution
		{E597AB12-279A-4CFF-949F-86A1C43DE3B3}.Debug|x64.ActiveCfg = Debug|x64
		{E597AB12-279A-4CFF-949F-86A1C43DE3B3}.Debug|x64.Build.0 = Debug|x64
		{E597AB12-279A-4CFF-949F-86A1C43DE3B3}.Debug|x86.ActiveCfg = Debug|Win32
		{E597AB12-279A-4CFF-949F-86A1C43DE3B3}.Debug|x86.Build.0 = Debug|Win32
		{E597AB12-279A-4CFF-949F-86A1C43DE3B3}.Release|x64.ActiveCfg = Release|x64
		{E597AB12-279A-4CFF-949F-86A1C43DE3B3}.Release|x64.Build.0 = Release|x64
		{E597AB12-279A-4CFF-949F-86A1C43DE3B3}.Release|x86.ActiveCfg = Release|Win32
		{E597AB12-279A-4CFF-949F-86A1C43DE3B3}.Release|x86.Build.0 = Release|Win32
		{9D011F69-0097-4AE9-A6A9-1B22981C7B8C}.Debug|x64.ActiveCfg = Debug|x64
		{9D011F69-0097-4AE9-A6A9-1B22981C7B8C}.Debug|x64.Build.0 = Debug|x64
		{9D011F69-0097-4AE9-A6A9-1B22981C7B8C}.Debug|x86.ActiveCfg = Debug|Win32
		{9D011F69-0097-4AE9-A6A9-1B22981C7B8C}.Debug|x86.Build.0 = Debug|Win32
		{9D011F69-0097-4AE9-A6A9-1B22981C7B8C}.Release|x64.ActiveCfg = Release|x64
		{9D011F69-0097-4AE9-A6A9-1B22981C7B8C}.Release|x64.Build.0 = Release|x64
		{9D011F69-0097-4AE9-A6A9-1B22981C7B8C}.Release|x86.ActiveCfg = Release|Win32
		{9D011F69-0097-4AE9-A6A9-1B22981C7B8C}.Release|x86.Build.0 = Release|Win32
	EndGlobalSection
	GlobalSection(SolutionProperties) = preSolution
		HideSolutionNode = FALSE
	EndGlobalSection
	GlobalSection(ExtensibilityGlobals) = postSolution
		SolutionGuid = {34719EB0-5972-4695-99E1-442763D80F22}
	EndGlobalSection
EndGlobal
